
Microsoft Visual Studio Solution File, Format Version 12.00
# Visual Studio Version 17
VisualStudioVersion = 17.6.33829.357
MinimumVisualStudioVersion = 10.0.40219.1
Project("{FAE04EC0-301F-11D3-BF4B-00C04F79EFBC}") = "Weight Tracker", "Weight Tracker.csproj", "{6B73DFD7-5BF2-4A59-AEAC-3A5B3D1AFB8E}"
EndProject
Global
	GlobalSection(SolutionConfigurationPlatforms) = preSolution
		Debug|Any CPU = Debug|Any CPU
		Release|Any CPU = Release|Any CPU
	EndGlobalSection
	GlobalSection(ProjectConfigurationPlatforms) = postSolution
		{6B73DFD7-5BF2-4A59-AEAC-3A5B3D1AFB8E}.Debug|Any CPU.ActiveCfg = Debug|Any CPU
		{6B73DFD7-5BF2-4A59-AEAC-3A5B3D1AFB8E}.Debug|Any CPU.Build.0 = Debug|Any CPU
		{6B73DFD7-5BF2-4A59-AEAC-3A5B3D1AFB8E}.Release|Any CPU.ActiveCfg = Debug|Any CPU
		{6B73DFD7-5BF2-4A59-AEAC-3A5B3D1AFB8E}.Release|Any CPU.Build.0 = Debug|Any CPU
	EndGlobalSection
	GlobalSection(SolutionProperties) = preSolution
		HideSolutionNode = FALSE
	EndGlobalSection
	GlobalSection(ExtensibilityGlobals) = postSolution
		SolutionGuid = {D5EDD5C2-B2A7-4317-B504-A4D3B92586E4}
	EndGlobalSection
EndGlobal
